
Microsoft Visual Studio Solution File, Format Version 12.00
# Visual Studio Version 16
VisualStudioVersion = 16.0.31402.337
MinimumVisualStudioVersion = 10.0.40219.1
Project("{FAE04EC0-301F-11D3-BF4B-00C04F79EFBC}") = "ClassMethodDemo", "ClassMethodDemo\ClassMethodDemo.csproj", "{9AC45E8C-E199-497D-9828-B511D5B2160A}"
EndProject
Project("{FAE04EC0-301F-11D3-BF4B-00C04F79EFBC}") = "ForForeachWhile", "ForForeachWhile\ForForeachWhile.csproj", "{15E26C8C-01D5-409C-BC19-0BEBEDFF9B8E}"
EndProject
Global
	GlobalSection(SolutionConfigurationPlatforms) = preSolution
		Debug|Any CPU = Debug|Any CPU
		Release|Any CPU = Release|Any CPU
	EndGlobalSection
	GlobalSection(ProjectConfigurationPlatforms) = postSolution
		{9AC45E8C-E199-497D-9828-B511D5B2160A}.Debug|Any CPU.ActiveCfg = Debug|Any CPU
		{9AC45E8C-E199-497D-9828-B511D5B2160A}.Debug|Any CPU.Build.0 = Debug|Any CPU
		{9AC45E8C-E199-497D-9828-B511D5B2160A}.Release|Any CPU.ActiveCfg = Release|Any CPU
		{9AC45E8C-E199-497D-9828-B511D5B2160A}.Release|Any CPU.Build.0 = Release|Any CPU
		{15E26C8C-01D5-409C-BC19-0BEBEDFF9B8E}.Debug|Any CPU.ActiveCfg = Debug|Any CPU
		{15E26C8C-01D5-409C-BC19-0BEBEDFF9B8E}.Debug|Any CPU.Build.0 = Debug|Any CPU
		{15E26C8C-01D5-409C-BC19-0BEBEDFF9B8E}.Release|Any CPU.ActiveCfg = Release|Any CPU
		{15E26C8C-01D5-409C-BC19-0BEBEDFF9B8E}.Release|Any CPU.Build.0 = Release|Any CPU
	EndGlobalSection
	GlobalSection(SolutionProperties) = preSolution
		HideSolutionNode = FALSE
	EndGlobalSection
	GlobalSection(ExtensibilityGlobals) = postSolution
		SolutionGuid = {44558E3D-04FE-4252-A541-C93C823E1AC4}
	EndGlobalSection
EndGlobal
